
Microsoft Visual Studio Solution File, Format Version 12.00
# Visual Studio 15
VisualStudioVersion = 15.0.28307.168
MinimumVisualStudioVersion = 10.0.40219.1
Project("{FAE04EC0-301F-11D3-BF4B-00C04F79EFBC}") = "TetrisAdvanced", "TetrisAdvanced\TetrisAdvanced.csproj", "{C27F6CAB-481B-4FED-8C40-047C5F331ECC}"
EndProject
Project("{FAE04EC0-301F-11D3-BF4B-00C04F79EFBC}") = "TetrisAdvancedUnitTests", "TetrisAdvancedUnitTests\TetrisAdvancedUnitTests.csproj", "{C58856FD-ADD7-4707-B12D-34D75248CCB4}"
EndProject
Global
	GlobalSection(SolutionConfigurationPlatforms) = preSolution
		Debug|Any CPU = Debug|Any CPU
		Release|Any CPU = Release|Any CPU
	EndGlobalSection
	GlobalSection(ProjectConfigurationPlatforms) = postSolution
		{C27F6CAB-481B-4FED-8C40-047C5F331ECC}.Debug|Any CPU.ActiveCfg = Debug|Any CPU
		{C27F6CAB-481B-4FED-8C40-047C5F331ECC}.Debug|Any CPU.Build.0 = Debug|Any CPU
		{C27F6CAB-481B-4FED-8C40-047C5F331ECC}.Release|Any CPU.ActiveCfg = Release|Any CPU
		{C27F6CAB-481B-4FED-8C40-047C5F331ECC}.Release|Any CPU.Build.0 = Release|Any CPU
		{C58856FD-ADD7-4707-B12D-34D75248CCB4}.Debug|Any CPU.ActiveCfg = Debug|Any CPU
		{C58856FD-ADD7-4707-B12D-34D75248CCB4}.Debug|Any CPU.Build.0 = Debug|Any CPU
		{C58856FD-ADD7-4707-B12D-34D75248CCB4}.Release|Any CPU.ActiveCfg = Release|Any CPU
		{C58856FD-ADD7-4707-B12D-34D75248CCB4}.Release|Any CPU.Build.0 = Release|Any CPU
	EndGlobalSection
	GlobalSection(SolutionProperties) = preSolution
		HideSolutionNode = FALSE
	EndGlobalSection
	GlobalSection(ExtensibilityGlobals) = postSolution
		SolutionGuid = {7AFE663C-1533-4A84-B6E6-B5BA748EF35F}
	EndGlobalSection
EndGlobal
